
Microsoft Visual Studio Solution File, Format Version 11.00
# Visual Studio 2010
Project("{F184B08F-C81C-45F6-A57F-5ABD9991F28F}") = "ProcessWatcher", "ProcessWatcher\ProcessWatcher.vbproj", "{743401EE-2E8D-4B05-A98F-A938A1189B59}"
EndProject
Global
	GlobalSection(SolutionConfigurationPlatforms) = preSolution
		Debug|x86 = Debug|x86
		Release|x86 = Release|x86
	EndGlobalSection
	GlobalSection(ProjectConfigurationPlatforms) = postSolution
		{743401EE-2E8D-4B05-A98F-A938A1189B59}.Debug|x86.ActiveCfg = Debug|x86
		{743401EE-2E8D-4B05-A98F-A938A1189B59}.Debug|x86.Build.0 = Debug|x86
		{743401EE-2E8D-4B05-A98F-A938A1189B59}.Release|x86.ActiveCfg = Release|x86
		{743401EE-2E8D-4B05-A98F-A938A1189B59}.Release|x86.Build.0 = Release|x86
	EndGlobalSection
	GlobalSection(SolutionProperties) = preSolution
		HideSolutionNode = FALSE
	EndGlobalSection
EndGlobal
